
Microsoft Visual Studio Solution File, Format Version 12.00
# Visual Studio Version 17
VisualStudioVersion = 17.2.32630.192
MinimumVisualStudioVersion = 10.0.40219.1
Project("{FAE04EC0-301F-11D3-BF4B-00C04F79EFBC}") = "LHPet", "LHPet\LHPet.csproj", "{C5998444-E309-425B-ACC3-83DB6695D005}"
EndProject
Global
	GlobalSection(SolutionConfigurationPlatforms) = preSolution
		Debug|Any CPU = Debug|Any CPU
		Release|Any CPU = Release|Any CPU
	EndGlobalSection
	GlobalSection(ProjectConfigurationPlatforms) = postSolution
		{C5998444-E309-425B-ACC3-83DB6695D005}.Debug|Any CPU.ActiveCfg = Debug|Any CPU
		{C5998444-E309-425B-ACC3-83DB6695D005}.Debug|Any CPU.Build.0 = Debug|Any CPU
		{C5998444-E309-425B-ACC3-83DB6695D005}.Release|Any CPU.ActiveCfg = Release|Any CPU
		{C5998444-E309-425B-ACC3-83DB6695D005}.Release|Any CPU.Build.0 = Release|Any CPU
	EndGlobalSection
	GlobalSection(SolutionProperties) = preSolution
		HideSolutionNode = FALSE
	EndGlobalSection
	GlobalSection(ExtensibilityGlobals) = postSolution
		SolutionGuid = {7914D6F0-BB5D-49B3-A8A0-306B807B8897}
	EndGlobalSection
EndGlobal
